Microsoft Visual Studio Solution File, Format Version 12.00
# Visual Studio 2012
Project("{FAE04EC0-301F-11D3-BF4B-00C04F79EFBC}") = "NoMine", "NoMine.csproj", "{8F947B37-1C21-4CF3-ABB1-43BAA230798A}"
EndProject
Global
	GlobalSection(SolutionConfigurationPlatforms) = preSolution
	Debug|Any CPU = Debug|Any CPU
	ExportDebug|Any CPU = ExportDebug|Any CPU
	ExportRelease|Any CPU = ExportRelease|Any CPU
	EndGlobalSection
	GlobalSection(ProjectConfigurationPlatforms) = postSolution
		{8F947B37-1C21-4CF3-ABB1-43BAA230798A}.Debug|Any CPU.ActiveCfg = Debug|Any CPU
		{8F947B37-1C21-4CF3-ABB1-43BAA230798A}.Debug|Any CPU.Build.0 = Debug|Any CPU
		{8F947B37-1C21-4CF3-ABB1-43BAA230798A}.ExportDebug|Any CPU.ActiveCfg = ExportDebug|Any CPU
		{8F947B37-1C21-4CF3-ABB1-43BAA230798A}.ExportDebug|Any CPU.Build.0 = ExportDebug|Any CPU
		{8F947B37-1C21-4CF3-ABB1-43BAA230798A}.ExportRelease|Any CPU.ActiveCfg = ExportRelease|Any CPU
		{8F947B37-1C21-4CF3-ABB1-43BAA230798A}.ExportRelease|Any CPU.Build.0 = ExportRelease|Any CPU
	EndGlobalSection
EndGlobal
